<?xml version="1.0" encoding="utf-8"?>
<Project ToolsVersion="17.0" xmlns="http://schemas.microsoft.com/developer/msbuild/2003">
  <ItemGroup>
    <None Include="..\Alpakit.uplugin" />
    <Filter Include="Resources">
      <UniqueIdentifier>{DDCF50C2-9294-3441-8F3F-7C1BBC892CB5}</UniqueIdentifier>
    </Filter>
    <None Include="..\Resources\Alpakit128.png">
      <Filter>Resources</Filter>
    </None>
    <None Include="..\Resources\Alpakit40.png">
      <Filter>Resources</Filter>
    </None>
    <None Include="..\Resources\AlpakitHat128.png">
      <Filter>Resources</Filter>
    </None>
    <None Include="..\Resources\AlpakitHat40.png">
      <Filter>Resources</Filter>
    </None>
    <None Include="..\Resources\DefaultIcon128.png">
      <Filter>Resources</Filter>
    </None>
  </ItemGroup>
</Project>
